# THIS IS AN AUTOGENERATED FILE. DO NOT EDIT THIS FILE DIRECTLY.
# yarn lockfile v1


async@~1.4.0:
  version "1.4.2"
  resolved "https://registry.yarnpkg.com/async/-/async-1.4.2.tgz#6c9edcb11ced4f0dd2f2d40db0d49a109c088aab"

bluebird@~2.9.34:
  version "2.9.34"
  resolved "https://registry.yarnpkg.com/bluebird/-/bluebird-2.9.34.tgz#2f7b4ec80216328a9fddebdf69c8d4942feff7d8"

catharsis@~0.8.7:
  version "0.8.9"
  resolved "https://registry.yarnpkg.com/catharsis/-/catharsis-0.8.9.tgz#98cc890ca652dd2ef0e70b37925310ff9e90fc8b"
  dependencies:
    underscore-contrib "~0.3.0"

escape-string-regexp@~1.0.3:
  version "1.0.5"
  resolved "https://registry.yarnpkg.com/escape-string-regexp/-/escape-string-regexp-1.0.5.tgz#1b61c0562190a8dff6ae3bb2cf0200ca130b86d4"

espree@~2.2.3:
  version "2.2.5"
  resolved "https://registry.yarnpkg.com/espree/-/espree-2.2.5.tgz#df691b9310889402aeb29cc066708c56690b854b"

js2xmlparser@~1.0.0:
  version "1.0.0"
  resolved "https://registry.yarnpkg.com/js2xmlparser/-/js2xmlparser-1.0.0.tgz#5a170f2e8d6476ce45405e04823242513782fe30"

jsdoc-json@2.0.0:
  version "2.0.0"
  resolved "https://registry.yarnpkg.com/jsdoc-json/-/jsdoc-json-2.0.0.tgz#d1489ccd93d00a1cc8d02513f464c03b1256ddd6"

jsdoc@3.4.0:
  version "3.4.0"
  resolved "https://registry.yarnpkg.com/jsdoc/-/jsdoc-3.4.0.tgz#341cdb06e44a113d9541efd212c95a488064e9ee"
  dependencies:
    async "~1.4.0"
    bluebird "~2.9.34"
    catharsis "~0.8.7"
    escape-string-regexp "~1.0.3"
    espree "~2.2.3"
    js2xmlparser "~1.0.0"
    marked "~0.3.4"
    requizzle "~0.2.0"
    strip-json-comments "~1.0.2"
    taffydb "https://github.com/hegemonic/taffydb/tarball/7d100bcee0e997ee4977e273cdce60bd8933050e"
    underscore "~1.8.3"
    wrench "~1.5.8"

lodash@^4.5.1:
  version "4.17.4"
  resolved "https://registry.yarnpkg.com/lodash/-/lodash-4.17.4.tgz#78203a4d1c328ae1d86dca6460e369b57f4055ae"

marked@~0.3.4:
  version "0.3.6"
  resolved "https://registry.yarnpkg.com/marked/-/marked-0.3.6.tgz#b2c6c618fccece4ef86c4fc6cb8a7cbf5aeda8d7"

requizzle@~0.2.0:
  version "0.2.1"
  resolved "https://registry.yarnpkg.com/requizzle/-/requizzle-0.2.1.tgz#6943c3530c4d9a7e46f1cddd51c158fc670cdbde"
  dependencies:
    underscore "~1.6.0"

strip-json-comments@~1.0.2:
  version "1.0.4"
  resolved "https://registry.yarnpkg.com/strip-json-comments/-/strip-json-comments-1.0.4.tgz#1e15fbcac97d3ee99bf2d73b4c656b082bbafb91"

"taffydb@https://github.com/hegemonic/taffydb/tarball/7d100bcee0e997ee4977e273cdce60bd8933050e":
  version "2.6.2"
  resolved "https://github.com/hegemonic/taffydb/tarball/7d100bcee0e997ee4977e273cdce60bd8933050e#3c549d2f5712d7d1d109ad6bb1a4084f1b7add4e"

tipe@^0.1.12:
  version "0.1.12"
  resolved "https://registry.yarnpkg.com/tipe/-/tipe-0.1.12.tgz#f771108e44243f31374af27d8a12bc18929d51e6"

underscore-contrib@~0.3.0:
  version "0.3.0"
  resolved "https://registry.yarnpkg.com/underscore-contrib/-/underscore-contrib-0.3.0.tgz#665b66c24783f8fa2b18c9f8cbb0e2c7d48c26c7"
  dependencies:
    underscore "1.6.0"

underscore@1.6.0, underscore@~1.6.0:
  version "1.6.0"
  resolved "https://registry.yarnpkg.com/underscore/-/underscore-1.6.0.tgz#8b38b10cacdef63337b8b24e4ff86d45aea529a8"

underscore@~1.8.3:
  version "1.8.3"
  resolved "https://registry.yarnpkg.com/underscore/-/underscore-1.8.3.tgz#4f3fb53b106e6097fcf9cb4109f2a5e9bdfa5022"

wrench@~1.5.8:
  version "1.5.9"
  resolved "https://registry.yarnpkg.com/wrench/-/wrench-1.5.9.tgz#411691c63a9b2531b1700267279bdeca23b2142a"
